// !$*UTF8*$!
{
	archiveVersion = 1;
	classes = {
	};
	objectVersion = 46;
	objects = {

/* Begin PBXBuildFile section */
		E885FE621C1BCC5900F50CF2 /* AppDelegate.swift in Sources */ = {isa = PBXBuildFile; fileRef = E885FE611C1BCC5900F50CF2 /* AppDelegate.swift */; };
		E885FE641C1BCC5900F50CF2 /* ViewController.swift in Sources */ = {isa = PBXBuildFile; fileRef = E885FE631C1BCC5900F50CF2 /* ViewController.swift */; };
		E885FE671C1BCC5900F50CF2 /* Main.storyboard in Resources */ = {isa = PBXBuildFile; fileRef = E885FE651C1BCC5900F50CF2 /* Main.storyboard */; };
		E885FE691C1BCC5900F50CF2 /* Assets.xcassets in Resources */ = {isa = PBXBuildFile; fileRef = E885FE681C1BCC5900F50CF2 /* Assets.xcassets */; };
		E885FE6C1C1BCC5900F50CF2 /* LaunchScreen.storyboard in Resources */ = {isa = PBXBuildFile; fileRef = E885FE6A1C1BCC5900F50CF2 /* LaunchScreen.storyboard */; };
		E885FE711C1BCC5900F50CF2 /* calculaIMC_AW WatchKit App.app in Embed Watch Content */ = {isa = PBXBuildFile; fileRef = E885FE701C1BCC5900F50CF2 /* calculaIMC_AW WatchKit App.app */; };
		E885FE771C1BCC5900F50CF2 /* Interface.storyboard in Resources */ = {isa = PBXBuildFile; fileRef = E885FE751C1BCC5900F50CF2 /* Interface.storyboard */; };
		E885FE791C1BCC5900F50CF2 /* Assets.xcassets in Resources */ = {isa = PBXBuildFile; fileRef = E885FE781C1BCC5900F50CF2 /* Assets.xcassets */; };
		E885FE801C1BCC5900F50CF2 /* calculaIMC_AW WatchKit Extension.appex in Embed App Extensions */ = {isa = PBXBuildFile; fileRef = E885FE7F1C1BCC5900F50CF2 /* calculaIMC_AW WatchKit Extension.appex */; settings = {ATTRIBUTES = (RemoveHeadersOnCopy, ); }; };
		E885FE851C1BCC5900F50CF2 /* InterfaceController.swift in Sources */ = {isa = PBXBuildFile; fileRef = E885FE841C1BCC5900F50CF2 /* InterfaceController.swift */; };
		E885FE871C1BCC5900F50CF2 /* ExtensionDelegate.swift in Sources */ = {isa = PBXBuildFile; fileRef = E885FE861C1BCC5900F50CF2 /* ExtensionDelegate.swift */; };
		E885FE891C1BCC5900F50CF2 /* Assets.xcassets in Resources */ = {isa = PBXBuildFile; fileRef = E885FE881C1BCC5900F50CF2 /* Assets.xcassets */; };
		E8B905451C20D45900E0BC53 /* Valor.swift in Sources */ = {isa = PBXBuildFile; fileRef = E8B905441C20D45900E0BC53 /* Valor.swift */; };
		E8B905471C20D52C00E0BC53 /* VistaDetalle.swift in Sources */ = {isa = PBXBuildFile; fileRef = E8B905461C20D52C00E0BC53 /* VistaDetalle.swift */; };
		E8B905771C23FB7A00E0BC53 /* Valor.swift in Sources */ = {isa = PBXBuildFile; fileRef = E8B905441C20D45900E0BC53 /* Valor.swift */; };
/* End PBXBuildFile section */

/* Begin PBXContainerItemProxy section */
		E885FE721C1BCC5900F50CF2 /* PBXContainerItemProxy */ = {
			isa = PBXContainerItemProxy;
			containerPortal = E885FE561C1BCC5900F50CF2 /* Project object */;
			proxyType = 1;
			remoteGlobalIDString = E885FE6F1C1BCC5900F50CF2;
			remoteInfo = "calculaIMC_AW WatchKit App";
		};
		E885FE811C1BCC5900F50CF2 /* PBXContainerItemProxy */ = {
			isa = PBXContainerItemProxy;
			containerPortal = E885FE561C1BCC5900F50CF2 /* Project object */;
			proxyType = 1;
			remoteGlobalIDString = E885FE7E1C1BCC5900F50CF2;
			remoteInfo = "calculaIMC_AW WatchKit Extension";
		};
/* End PBXContainerItemProxy section */

/* Begin PBXCopyFilesBuildPhase section */
		E885FE901C1BCC5900F50CF2 /* Embed App Extensions */ = {
			isa = PBXCopyFilesBuildPhase;
			buildActionMask = 2147483647;
			dstPath = "";
			dstSubfolderSpec = 13;
			files = (
				E885FE801C1BCC5900F50CF2 /* calculaIMC_AW WatchKit Extension.appex in Embed App Extensions */,
			);
			name = "Embed App Extensions";
			runOnlyForDeploymentPostprocessing = 0;
		};
		E885FE941C1BCC5900F50CF2 /* Embed Watch Content */ = {
			isa = PBXCopyFilesBuildPhase;
			buildActionMask = 2147483647;
			dstPath = "$(CONTENTS_FOLDER_PATH)/Watch";
			dstSubfolderSpec = 16;
			files = (
				E885FE711C1BCC5900F50CF2 /* calculaIMC_AW WatchKit App.app in Embed Watch Content */,
			);
			name = "Embed Watch Content";
			runOnlyForDeploymentPostprocessing = 0;
		};
/* End PBXCopyFilesBuildPhase section */

/* Begin PBXFileReference section */
		E885FE5E1C1BCC5900F50CF2 /* calculaIMC_AW.app */ = {isa = PBXFileReference; explicitFileType = wrapper.application; includeInIndex = 0; path = calculaIMC_AW.app; sourceTree = BUILT_PRODUCTS_DIR; };
		E885FE611C1BCC5900F50CF2 /* AppDelegate.swift */ = {isa = PBXFileReference; lastKnownFileType = sourcecode.swift; path = AppDelegate.swift; sourceTree = "<group>"; };
		E885FE631C1BCC5900F50CF2 /* ViewController.swift */ = {isa = PBXFileReference; lastKnownFileType = sourcecode.swift; path = ViewController.swift; sourceTree = "<group>"; };
		E885FE661C1BCC5900F50CF2 /* Base */ = {isa = PBXFileReference; lastKnownFileType = file.storyboard; name = Base; path = Base.lproj/Main.storyboard; sourceTree = "<group>"; };
		E885FE681C1BCC5900F50CF2 /* Assets.xcassets */ = {isa = PBXFileReference; lastKnownFileType = folder.assetcatalog; path = Assets.xcassets; sourceTree = "<group>"; };
		E885FE6B1C1BCC5900F50CF2 /* Base */ = {isa = PBXFileReference; lastKnownFileType = file.storyboard; name = Base; path = Base.lproj/LaunchScreen.storyboard; sourceTree = "<group>"; };
		E885FE6D1C1BCC5900F50CF2 /* Info.plist */ = {isa = PBXFileReference; lastKnownFileType = text.plist.xml; path = Info.plist; sourceTree = "<group>"; };
		E885FE701C1BCC5900F50CF2 /* calculaIMC_AW WatchKit App.app */ = {isa = PBXFileReference; explicitFileType = wrapper.application; includeInIndex = 0; path = "calculaIMC_AW WatchKit App.app"; sourceTree = BUILT_PRODUCTS_DIR; };
		E885FE761C1BCC5900F50CF2 /* Base */ = {isa = PBXFileReference; lastKnownFileType = file.storyboard; name = Base; path = Base.lproj/Interface.storyboard; sourceTree = "<group>"; };
		E885FE781C1BCC5900F50CF2 /* Assets.xcassets */ = {isa = PBXFileReference; lastKnownFileType = folder.assetcatalog; path = Assets.xcassets; sourceTree = "<group>"; };
		E885FE7A1C1BCC5900F50CF2 /* Info.plist */ = {isa = PBXFileReference; lastKnownFileType = text.plist.xml; path = Info.plist; sourceTree = "<group>"; };
		E885FE7F1C1BCC5900F50CF2 /* calculaIMC_AW WatchKit Extension.appex */ = {isa = PBXFileReference; explicitFileType = "wrapper.app-extension"; includeInIndex = 0; path = "calculaIMC_AW WatchKit Extension.appex"; sourceTree = BUILT_PRODUCTS_DIR; };
		E885FE841C1BCC5900F50CF2 /* InterfaceController.swift */ = {isa = PBXFileReference; lastKnownFileType = sourcecode.swift; path = InterfaceController.swift; sourceTree = "<group>"; };
		E885FE861C1BCC5900F50CF2 /* ExtensionDelegate.swift */ = {isa = PBXFileReference; lastKnownFileType = sourcecode.swift; path = ExtensionDelegate.swift; sourceTree = "<group>"; };
		E885FE881C1BCC5900F50CF2 /* Assets.xcassets */ = {isa = PBXFileReference; lastKnownFileType = folder.assetcatalog; path = Assets.xcassets; sourceTree = "<group>"; };
		E885FE8A1C1BCC5900F50CF2 /* Info.plist */ = {isa = PBXFileReference; lastKnownFileType = text.plist.xml; path = Info.plist; sourceTree = "<group>"; };
		E8B905441C20D45900E0BC53 /* Valor.swift */ = {isa = PBXFileReference; fileEncoding = 4; lastKnownFileType = sourcecode.swift; path = Valor.swift; sourceTree = "<group>"; };
		E8B905461C20D52C00E0BC53 /* VistaDetalle.swift */ = {isa = PBXFileReference; fileEncoding = 4; lastKnownFileType = sourcecode.swift; name = VistaDetalle.swift; path = ../VistaDetalle.swift; sourceTree = "<group>"; };
/* End PBXFileReference section */

/* Begin PBXFrameworksBuildPhase section */
		E885FE5B1C1BCC5900F50CF2 /* Frameworks */ = {
			isa = PBXFrameworksBuildPhase;
			buildActionMask = 2147483647;
			files = (
			);
			runOnlyForDeploymentPostprocessing = 0;
		};
		E885FE7C1C1BCC5900F50CF2 /* Frameworks */ = {
			isa = PBXFrameworksBuildPhase;
			buildActionMask = 2147483647;
			files = (
			);
			runOnlyForDeploymentPostprocessing = 0;
		};
/* End PBXFrameworksBuildPhase section */

/* Begin PBXGroup section */
		E885FE551C1BCC5900F50CF2 = {
			isa = PBXGroup;
			children = (
				E885FE601C1BCC5900F50CF2 /* calculaIMC_AW */,
				E885FE741C1BCC5900F50CF2 /* calculaIMC_AW WatchKit App */,
				E885FE831C1BCC5900F50CF2 /* calculaIMC_AW WatchKit Extension */,
				E885FE5F1C1BCC5900F50CF2 /* Products */,
			);
			sourceTree = "<group>";
		};
		E885FE5F1C1BCC5900F50CF2 /* Products */ = {
			isa = PBXGroup;
			children = (
				E885FE5E1C1BCC5900F50CF2 /* calculaIMC_AW.app */,
				E885FE701C1BCC5900F50CF2 /* calculaIMC_AW WatchKit App.app */,
				E885FE7F1C1BCC5900F50CF2 /* calculaIMC_AW WatchKit Extension.appex */,
			);
			name = Products;
			sourceTree = "<group>";
		};
		E885FE601C1BCC5900F50CF2 /* calculaIMC_AW */ = {
			isa = PBXGroup;
			children = (
				E885FE611C1BCC5900F50CF2 /* AppDelegate.swift */,
				E885FE631C1BCC5900F50CF2 /* ViewController.swift */,
				E885FE651C1BCC5900F50CF2 /* Main.storyboard */,
				E885FE681C1BCC5900F50CF2 /* Assets.xcassets */,
				E885FE6A1C1BCC5900F50CF2 /* LaunchScreen.storyboard */,
				E885FE6D1C1BCC5900F50CF2 /* Info.plist */,
			);
			path = calculaIMC_AW;
			sourceTree = "<group>";
		};
		E885FE741C1BCC5900F50CF2 /* calculaIMC_AW WatchKit App */ = {
			isa = PBXGroup;
			children = (
				E885FE751C1BCC5900F50CF2 /* Interface.storyboard */,
				E885FE781C1BCC5900F50CF2 /* Assets.xcassets */,
				E885FE7A1C1BCC5900F50CF2 /* Info.plist */,
			);
			path = "calculaIMC_AW WatchKit App";
			sourceTree = "<group>";
		};
		E885FE831C1BCC5900F50CF2 /* calculaIMC_AW WatchKit Extension */ = {
			isa = PBXGroup;
			children = (
				E8B905461C20D52C00E0BC53 /* VistaDetalle.swift */,
				E8B905441C20D45900E0BC53 /* Valor.swift */,
				E885FE841C1BCC5900F50CF2 /* InterfaceController.swift */,
				E885FE861C1BCC5900F50CF2 /* ExtensionDelegate.swift */,
				E885FE881C1BCC5900F50CF2 /* Assets.xcassets */,
				E885FE8A1C1BCC5900F50CF2 /* Info.plist */,
			);
			path = "calculaIMC_AW WatchKit Extension";
			sourceTree = "<group>";
		};
/* End PBXGroup section */

/* Begin PBXNativeTarget section */
		E885FE5D1C1BCC5900F50CF2 /* calculaIMC_AW */ = {
			isa = PBXNativeTarget;
			buildConfigurationList = E885FE951C1BCC5900F50CF2 /* Build configuration list for PBXNativeTarget "calculaIMC_AW" */;
			buildPhases = (
				E885FE5A1C1BCC5900F50CF2 /* Sources */,
				E885FE5B1C1BCC5900F50CF2 /* Frameworks */,
				E885FE5C1C1BCC5900F50CF2 /* Resources */,
				E885FE941C1BCC5900F50CF2 /* Embed Watch Content */,
			);
			buildRules = (
			);
			dependencies = (
				E885FE731C1BCC5900F50CF2 /* PBXTargetDependency */,
			);
			name = calculaIMC_AW;
			productName = calculaIMC_AW;
			productReference = E885FE5E1C1BCC5900F50CF2 /* calculaIMC_AW.app */;
			productType = "com.apple.product-type.application";
		};
		E885FE6F1C1BCC5900F50CF2 /* calculaIMC_AW WatchKit App */ = {
			isa = PBXNativeTarget;
			buildConfigurationList = E885FE911C1BCC5900F50CF2 /* Build configuration list for PBXNativeTarget "calculaIMC_AW WatchKit App" */;
			buildPhases = (
				E885FE6E1C1BCC5900F50CF2 /* Resources */,
				E885FE901C1BCC5900F50CF2 /* Embed App Extensions */,
			);
			buildRules = (
			);
			dependencies = (
				E885FE821C1BCC5900F50CF2 /* PBXTargetDependency */,
			);
			name = "calculaIMC_AW WatchKit App";
			productName = "calculaIMC_AW WatchKit App";
			productReference = E885FE701C1BCC5900F50CF2 /* calculaIMC_AW WatchKit App.app */;
			productType = "com.apple.product-type.application.watchapp2";
		};
		E885FE7E1C1BCC5900F50CF2 /* calculaIMC_AW WatchKit Extension */ = {
			isa = PBXNativeTarget;
			buildConfigurationList = E885FE8D1C1BCC5900F50CF2 /* Build configuration list for PBXNativeTarget "calculaIMC_AW WatchKit Extension" */;
			buildPhases = (
				E885FE7B1C1BCC5900F50CF2 /* Sources */,
				E885FE7C1C1BCC5900F50CF2 /* Frameworks */,
				E885FE7D1C1BCC5900F50CF2 /* Resources */,
			);
			buildRules = (
			);
			dependencies = (
			);
			name = "calculaIMC_AW WatchKit Extension";
			productName = "calculaIMC_AW WatchKit Extension";
			productReference = E885FE7F1C1BCC5900F50CF2 /* calculaIMC_AW WatchKit Extension.appex */;
			productType = "com.apple.product-type.watchkit2-extension";
		};
/* End PBXNativeTarget section */

/* Begin PBXProject section */
		E885FE561C1BCC5900F50CF2 /* Project object */ = {
			isa = PBXProject;
			attributes = {
				LastSwiftUpdateCheck = 0720;
				LastUpgradeCheck = 0720;
				ORGANIZATIONNAME = "Vital Sistemas";
				TargetAttributes = {
					E885FE5D1C1BCC5900F50CF2 = {
						CreatedOnToolsVersion = 7.2;
					};
					E885FE6F1C1BCC5900F50CF2 = {
						CreatedOnToolsVersion = 7.2;
					};
					E885FE7E1C1BCC5900F50CF2 = {
						CreatedOnToolsVersion = 7.2;
					};
				};
			};
			buildConfigurationList = E885FE591C1BCC5900F50CF2 /* Build configuration list for PBXProject "calculaIMC_AW" */;
			compatibilityVersion = "Xcode 3.2";
			developmentRegion = English;
			hasScannedForEncodings = 0;
			knownRegions = (
				en,
				Base,
			);
			mainGroup = E885FE551C1BCC5900F50CF2;
			productRefGroup = E885FE5F1C1BCC5900F50CF2 /* Products */;
			projectDirPath = "";
			projectRoot = "";
			targets = (
				E885FE5D1C1BCC5900F50CF2 /* calculaIMC_AW */,
				E885FE6F1C1BCC5900F50CF2 /* calculaIMC_AW WatchKit App */,
				E885FE7E1C1BCC5900F50CF2 /* calculaIMC_AW WatchKit Extension */,
			);
		};
/* End PBXProject section */

/* Begin PBXResourcesBuildPhase section */
		E885FE5C1C1BCC5900F50CF2 /* Resources */ = {
			isa = PBXResourcesBuildPhase;
			buildActionMask = 2147483647;
			files = (
				E885FE6C1C1BCC5900F50CF2 /* LaunchScreen.storyboard in Resources */,
				E885FE691C1BCC5900F50CF2 /* Assets.xcassets in Resources */,
				E885FE671C1BCC5900F50CF2 /* Main.storyboard in Resources */,
			);
			runOnlyForDeploymentPostprocessing = 0;
		};
		E885FE6E1C1BCC5900F50CF2 /* Resources */ = {
			isa = PBXResourcesBuildPhase;
			buildActionMask = 2147483647;
			files = (
				E885FE791C1BCC5900F50CF2 /* Assets.xcassets in Resources */,
				E885FE771C1BCC5900F50CF2 /* Interface.storyboard in Resources */,
			);
			runOnlyForDeploymentPostprocessing = 0;
		};
		E885FE7D1C1BCC5900F50CF2 /* Resources */ = {
			isa = PBXResourcesBuildPhase;
			buildActionMask = 2147483647;
			files = (
				E885FE891C1BCC5900F50CF2 /* Assets.xcassets in Resources */,
			);
			runOnlyForDeploymentPostprocessing = 0;
		};
/* End PBXResourcesBuildPhase section */

/* Begin PBXSourcesBuildPhase section */
		E885FE5A1C1BCC5900F50CF2 /* Sources */ = {
			isa = PBXSourcesBuildPhase;
			buildActionMask = 2147483647;
			files = (
				E8B905451C20D45900E0BC53 /* Valor.swift in Sources */,
				E885FE641C1BCC5900F50CF2 /* ViewController.swift in Sources */,
				E885FE621C1BCC5900F50CF2 /* AppDelegate.swift in Sources */,
				E8B905471C20D52C00E0BC53 /* VistaDetalle.swift in Sources */,
			);
			runOnlyForDeploymentPostprocessing = 0;
		};
		E885FE7B1C1BCC5900F50CF2 /* Sources */ = {
			isa = PBXSourcesBuildPhase;
			buildActionMask = 2147483647;
			files = (
				E8B905771C23FB7A00E0BC53 /* Valor.swift in Sources */,
				E885FE871C1BCC5900F50CF2 /* ExtensionDelegate.swift in Sources */,
				E885FE851C1BCC5900F50CF2 /* InterfaceController.swift in Sources */,
			);
			runOnlyForDeploymentPostprocessing = 0;
		};
/* End PBXSourcesBuildPhase section */

/* Begin PBXTargetDependency section */
		E885FE731C1BCC5900F50CF2 /* PBXTargetDependency */ = {
			isa = PBXTargetDependency;
			target = E885FE6F1C1BCC5900F50CF2 /* calculaIMC_AW WatchKit App */;
			targetProxy = E885FE721C1BCC5900F50CF2 /* PBXContainerItemProxy */;
		};
		E885FE821C1BCC5900F50CF2 /* PBXTargetDependency */ = {
			isa = PBXTargetDependency;
			target = E885FE7E1C1BCC5900F50CF2 /* calculaIMC_AW WatchKit Extension */;
			targetProxy = E885FE811C1BCC5900F50CF2 /* PBXContainerItemProxy */;
		};
/* End PBXTargetDependency section */

/* Begin PBXVariantGroup section */
		E885FE651C1BCC5900F50CF2 /* Main.storyboard */ = {
			isa = PBXVariantGroup;
			children = (
				E885FE661C1BCC5900F50CF2 /* Base */,
			);
			name = Main.storyboard;
			sourceTree = "<group>";
		};
		E885FE6A1C1BCC5900F50CF2 /* LaunchScreen.storyboard */ = {
			isa = PBXVariantGroup;
			children = (
				E885FE6B1C1BCC5900F50CF2 /* Base */,
			);
			name = LaunchScreen.storyboard;
			sourceTree = "<group>";
		};
		E885FE751C1BCC5900F50CF2 /* Interface.storyboard */ = {
			isa = PBXVariantGroup;
			children = (
				E885FE761C1BCC5900F50CF2 /* Base */,
			);
			name = Interface.storyboard;
			sourceTree = "<group>";
		};
/* End PBXVariantGroup section */

/* Begin XCBuildConfiguration section */
		E885FE8B1C1BCC5900F50CF2 /* Debug */ = {
			isa = XCBuildConfiguration;
			buildSettings = {
				ALWAYS_SEARCH_USER_PATHS = NO;
				CLANG_CXX_LANGUAGE_STANDARD = "gnu++0x";
				CLANG_CXX_LIBRARY = "libc++";
				CLANG_ENABLE_MODULES = YES;
				CLANG_ENABLE_OBJC_ARC = YES;
				CLANG_WARN_BOOL_CONVERSION = YES;
				CLANG_WARN_CONSTANT_CONVERSION = YES;
				CLANG_WARN_DIRECT_OBJC_ISA_USAGE = YES_ERROR;
				CLANG_WARN_EMPTY_BODY = YES;
				CLANG_WARN_ENUM_CONVERSION = YES;
				CLANG_WARN_INT_CONVERSION = YES;
				CLANG_WARN_OBJC_ROOT_CLASS = YES_ERROR;
				CLANG_WARN_UNREACHABLE_CODE = YES;
				CLANG_WARN__DUPLICATE_METHOD_MATCH = YES;
				"CODE_SIGN_IDENTITY[sdk=iphoneos*]" = "iPhone Developer";
				COPY_PHASE_STRIP = NO;
				DEBUG_INFORMATION_FORMAT = dwarf;
				ENABLE_STRICT_OBJC_MSGSEND = YES;
				ENABLE_TESTABILITY = YES;
				GCC_C_LANGUAGE_STANDARD = gnu99;
				GCC_DYNAMIC_NO_PIC = NO;
				GCC_NO_COMMON_BLOCKS = YES;
				GCC_OPTIMIZATION_LEVEL = 0;
				GCC_PREPROCESSOR_DEFINITIONS = (
					"DEBUG=1",
					"$(inherited)",
				);
				GCC_WARN_64_TO_32_BIT_CONVERSION = YES;
				GCC_WARN_ABOUT_RETURN_TYPE = YES_ERROR;
				GCC_WARN_UNDECLARED_SELECTOR = YES;
				GCC_WARN_UNINITIALIZED_AUTOS = YES_AGGRESSIVE;
				GCC_WARN_UNUSED_FUNCTION = YES;
				GCC_WARN_UNUSED_VARIABLE = YES;
				IPHONEOS_DEPLOYMENT_TARGET = 9.2;
				MTL_ENABLE_DEBUG_INFO = YES;
				ONLY_ACTIVE_ARCH = YES;
				SDKROOT = iphoneos;
				SWIFT_OPTIMIZATION_LEVEL = "-Onone";
				TARGETED_DEVICE_FAMILY = "1,2";
			};
			name = Debug;
		};
		E885FE8C1C1BCC5900F50CF2 /* Release */ = {
			isa = XCBuildConfiguration;
			buildSettings = {
				ALWAYS_SEARCH_USER_PATHS = NO;
				CLANG_CXX_LANGUAGE_STANDARD = "gnu++0x";
				CLANG_CXX_LIBRARY = "libc++";
				CLANG_ENABLE_MODULES = YES;
				CLANG_ENABLE_OBJC_ARC = YES;
				CLANG_WARN_BOOL_CONVERSION = YES;
				CLANG_WARN_CONSTANT_CONVERSION = YES;
				CLANG_WARN_DIRECT_OBJC_ISA_USAGE = YES_ERROR;
				CLANG_WARN_EMPTY_BODY = YES;
				CLANG_WARN_ENUM_CONVERSION = YES;
				CLANG_WARN_INT_CONVERSION = YES;
				CLANG_WARN_OBJC_ROOT_CLASS = YES_ERROR;
				CLANG_WARN_UNREACHABLE_CODE = YES;
				CLANG_WARN__DUPLICATE_METHOD_MATCH = YES;
				"CODE_SIGN_IDENTITY[sdk=iphoneos*]" = "iPhone Developer";
				COPY_PHASE_STRIP = NO;
				DEBUG_INFORMATION_FORMAT = "dwarf-with-dsym";
				ENABLE_NS_ASSERTIONS = NO;
				ENABLE_STRICT_OBJC_MSGSEND = YES;
				GCC_C_LANGUAGE_STANDARD = gnu99;
				GCC_NO_COMMON_BLOCKS = YES;
				GCC_WARN_64_TO_32_BIT_CONVERSION = YES;
				GCC_WARN_ABOUT_RETURN_TYPE = YES_ERROR;
				GCC_WARN_UNDECLARED_SELECTOR = YES;
				GCC_WARN_UNINITIALIZED_AUTOS = YES_AGGRESSIVE;
				GCC_WARN_UNUSED_FUNCTION = YES;
				GCC_WARN_UNUSED_VARIABLE = YES;
				IPHONEOS_DEPLOYMENT_TARGET = 9.2;
				MTL_ENABLE_DEBUG_INFO = NO;
				SDKROOT = iphoneos;
				TARGETED_DEVICE_FAMILY = "1,2";
				VALIDATE_PRODUCT = YES;
			};
			name = Release;
		};
		E885FE8E1C1BCC5900F50CF2 /* Debug */ = {
			isa = XCBuildConfiguration;
			buildSettings = {
				INFOPLIST_FILE = "calculaIMC_AW WatchKit Extension/Info.plist";
				LD_RUNPATH_SEARCH_PATHS = "$(inherited) @executable_path/Frameworks @executable_path/../../Frameworks";
				PRODUCT_BUNDLE_IDENTIFIER = "vital.calculaIMC-AW.watchkitapp.watchkitextension";
				PRODUCT_NAME = "${TARGET_NAME}";
				SDKROOT = watchos;
				SKIP_INSTALL = YES;
				TARGETED_DEVICE_FAMILY = 4;
				WATCHOS_DEPLOYMENT_TARGET = 2.0;
			};
			name = Debug;
		};
		E885FE8F1C1BCC5900F50CF2 /* Release */ = {
			isa = XCBuildConfiguration;
			buildSettings = {
				INFOPLIST_FILE = "calculaIMC_AW WatchKit Extension/Info.plist";
				LD_RUNPATH_SEARCH_PATHS = "$(inherited) @executable_path/Frameworks @executable_path/../../Frameworks";
				PRODUCT_BUNDLE_IDENTIFIER = "vital.calculaIMC-AW.watchkitapp.watchkitextension";
				PRODUCT_NAME = "${TARGET_NAME}";
				SDKROOT = watchos;
				SKIP_INSTALL = YES;
				TARGETED_DEVICE_FAMILY = 4;
				WATCHOS_DEPLOYMENT_TARGET = 2.0;
			};
			name = Release;
		};
		E885FE921C1BCC5900F50CF2 /* Debug */ = {
			isa = XCBuildConfiguration;
			buildSettings = {
				ASSETCATALOG_COMPILER_APPICON_NAME = AppIcon;
				EMBEDDED_CONTENT_CONTAINS_SWIFT = YES;
				IBSC_MODULE = calculaIMC_AW_WatchKit_Extension;
				INFOPLIST_FILE = "calculaIMC_AW WatchKit App/Info.plist";
				PRODUCT_BUNDLE_IDENTIFIER = "vital.calculaIMC-AW.watchkitapp";
				PRODUCT_NAME = "$(TARGET_NAME)";
				SDKROOT = watchos;
				SKIP_INSTALL = YES;
				TARGETED_DEVICE_FAMILY = 4;
				WATCHOS_DEPLOYMENT_TARGET = 2.0;
			};
			name = Debug;
		};
		E885FE931C1BCC5900F50CF2 /* Release */ = {
			isa = XCBuildConfiguration;
			buildSettings = {
				ASSETCATALOG_COMPILER_APPICON_NAME = AppIcon;
				EMBEDDED_CONTENT_CONTAINS_SWIFT = YES;
				IBSC_MODULE = calculaIMC_AW_WatchKit_Extension;
				INFOPLIST_FILE = "calculaIMC_AW WatchKit App/Info.plist";
				PRODUCT_BUNDLE_IDENTIFIER = "vital.calculaIMC-AW.watchkitapp";
				PRODUCT_NAME = "$(TARGET_NAME)";
				SDKROOT = watchos;
				SKIP_INSTALL = YES;
				TARGETED_DEVICE_FAMILY = 4;
				WATCHOS_DEPLOYMENT_TARGET = 2.0;
			};
			name = Release;
		};
		E885FE961C1BCC5900F50CF2 /* Debug */ = {
			isa = XCBuildConfiguration;
			buildSettings = {
				ASSETCATALOG_COMPILER_APPICON_NAME = AppIcon;
				INFOPLIST_FILE = calculaIMC_AW/Info.plist;
				LD_RUNPATH_SEARCH_PATHS = "$(inherited) @executable_path/Frameworks";
				PRODUCT_BUNDLE_IDENTIFIER = "vital.calculaIMC-AW";
				PRODUCT_NAME = "$(TARGET_NAME)";
			};
			name = Debug;
		};
		E885FE971C1BCC5900F50CF2 /* Release */ = {
			isa = XCBuildConfiguration;
			buildSettings = {
				ASSETCATALOG_COMPILER_APPICON_NAME = AppIcon;
				INFOPLIST_FILE = calculaIMC_AW/Info.plist;
				LD_RUNPATH_SEARCH_PATHS = "$(inherited) @executable_path/Frameworks";
				PRODUCT_BUNDLE_IDENTIFIER = "vital.calculaIMC-AW";
				PRODUCT_NAME = "$(TARGET_NAME)";
			};
			name = Release;
		};
/* End XCBuildConfiguration section */

/* Begin XCConfigurationList section */
		E885FE591C1BCC5900F50CF2 /* Build configuration list for PBXProject "calculaIMC_AW" */ = {
			isa = XCConfigurationList;
			buildConfigurations = (
				E885FE8B1C1BCC5900F50CF2 /* Debug */,
				E885FE8C1C1BCC5900F50CF2 /* Release */,
			);
			defaultConfigurationIsVisible = 0;
			defaultConfigurationName = Release;
		};
		E885FE8D1C1BCC5900F50CF2 /* Build configuration list for PBXNativeTarget "calculaIMC_AW WatchKit Extension" */ = {
			isa = XCConfigurationList;
			buildConfigurations = (
				E885FE8E1C1BCC5900F50CF2 /* Debug */,
				E885FE8F1C1BCC5900F50CF2 /* Release */,
			);
			defaultConfigurationIsVisible = 0;
			defaultConfigurationName = Release;
		};
		E885FE911C1BCC5900F50CF2 /* Build configuration list for PBXNativeTarget "calculaIMC_AW WatchKit App" */ = {
			isa = XCConfigurationList;
			buildConfigurations = (
				E885FE921C1BCC5900F50CF2 /* Debug */,
				E885FE931C1BCC5900F50CF2 /* Release */,
			);
			defaultConfigurationIsVisible = 0;
			defaultConfigurationName = Release;
		};
		E885FE951C1BCC5900F50CF2 /* Build configuration list for PBXNativeTarget "calculaIMC_AW" */ = {
			isa = XCConfigurationList;
			buildConfigurations = (
				E885FE961C1BCC5900F50CF2 /* Debug */,
				E885FE971C1BCC5900F50CF2 /* Release */,
			);
			defaultConfigurationIsVisible = 0;
			defaultConfigurationName = Release;
		};
/* End XCConfigurationList section */
	};
	rootObject = E885FE561C1BCC5900F50CF2 /* Project object */;
}
